
Microsoft Visual Studio Solution File, Format Version 12.00
# Visual Studio Version 16
VisualStudioVersion = 16.0.31911.196
MinimumVisualStudioVersion = 10.0.40219.1
Project("{FAE04EC0-301F-11D3-BF4B-00C04F79EFBC}") = "CrossesTechTask", "CrossesTechTask.csproj", "{884DA976-B30C-4633-8E1E-EF2B50562205}"
EndProject
Global
	GlobalSection(SolutionConfigurationPlatforms) = preSolution
		Debug|Any CPU = Debug|Any CPU
		Release|Any CPU = Release|Any CPU
	EndGlobalSection
	GlobalSection(ProjectConfigurationPlatforms) = postSolution
		{884DA976-B30C-4633-8E1E-EF2B50562205}.Debug|Any CPU.ActiveCfg = Debug|Any CPU
		{884DA976-B30C-4633-8E1E-EF2B50562205}.Debug|Any CPU.Build.0 = Debug|Any CPU
		{884DA976-B30C-4633-8E1E-EF2B50562205}.Release|Any CPU.ActiveCfg = Release|Any CPU
		{884DA976-B30C-4633-8E1E-EF2B50562205}.Release|Any CPU.Build.0 = Release|Any CPU
	EndGlobalSection
	GlobalSection(SolutionProperties) = preSolution
		HideSolutionNode = FALSE
	EndGlobalSection
	GlobalSection(ExtensibilityGlobals) = postSolution
		SolutionGuid = {481C0B53-CCB4-40FA-95B8-5D4C643DDEB1}
	EndGlobalSection
EndGlobal
